
Microsoft Visual Studio Solution File, Format Version 12.00
# Visual Studio Version 17
VisualStudioVersion = 17.13.35919.96
MinimumVisualStudioVersion = 10.0.40219.1
Project("{8BC9CEB8-8B4A-11D0-8D11-00A0C91BC942}") = "HelloWorld", "HelloWorld\HelloWorld.vcxproj", "{73FAD817-BC7D-4306-B6F7-62FBA86C096F}"
EndProject
Project("{8BC9CEB8-8B4A-11D0-8D11-00A0C91BC942}") = "DataTypes", "DataTypes\DataTypes.vcxproj", "{D88E481D-BBB9-4123-A89C-7B6B1CC10DA9}"
EndProject
Project("{8BC9CEB8-8B4A-11D0-8D11-00A0C91BC942}") = "UserDataTypes", "UserDataTypes\UserDataTypes.vcxproj", "{9B03FBFD-CD10-49DF-8880-F4712E558944}"
EndProject
Project("{8BC9CEB8-8B4A-11D0-8D11-00A0C91BC942}") = "Containers", "Containers\Containers.vcxproj", "{6D778F6C-667C-4A68-B621-88E7B5C04035}"
EndProject
Project("{8BC9CEB8-8B4A-11D0-8D11-00A0C91BC942}") = "Pointers", "Pointers\Pointers.vcxproj", "{68B9AA8A-6A49-475F-9855-BC144C653390}"
EndProject
Project("{8BC9CEB8-8B4A-11D0-8D11-00A0C91BC942}") = "Referances", "Referances\Referances.vcxproj", "{6B2814BD-661E-4D11-9556-402158868988}"
EndProject
Project("{8BC9CEB8-8B4A-11D0-8D11-00A0C91BC942}") = "OOP", "OOP\OOP.vcxproj", "{94AF8DC3-C873-4044-98D8-70F5C20CF373}"
EndProject
Project("{8BC9CEB8-8B4A-11D0-8D11-00A0C91BC942}") = "MemoryReview", "MemoryReview\MemoryReview.vcxproj", "{435ECC1B-F887-47D1-A730-2A3FEC6E16D6}"
EndProject
Project("{8BC9CEB8-8B4A-11D0-8D11-00A0C91BC942}") = "Classes", "Classes\Classes.vcxproj", "{85F1713C-98F2-4FBF-B706-DB11BDC0A5E7}"
EndProject
Project("{8BC9CEB8-8B4A-11D0-8D11-00A0C91BC942}") = "Fail", "Fail\Fail.vcxproj", "{B3211AB4-8443-44AE-8B07-06090F84A286}"
EndProject
Global
	GlobalSection(SolutionConfigurationPlatforms) = preSolution
		Debug|x64 = Debug|x64
		Debug|x86 = Debug|x86
		Release|x64 = Release|x64
		Release|x86 = Release|x86
	EndGlobalSection
	GlobalSection(ProjectConfigurationPlatforms) = postSolution
		{73FAD817-BC7D-4306-B6F7-62FBA86C096F}.Debug|x64.ActiveCfg = Debug|x64
		{73FAD817-BC7D-4306-B6F7-62FBA86C096F}.Debug|x64.Build.0 = Debug|x64
		{73FAD817-BC7D-4306-B6F7-62FBA86C096F}.Debug|x86.ActiveCfg = Debug|Win32
		{73FAD817-BC7D-4306-B6F7-62FBA86C096F}.Debug|x86.Build.0 = Debug|Win32
		{73FAD817-BC7D-4306-B6F7-62FBA86C096F}.Release|x64.ActiveCfg = Release|x64
		{73FAD817-BC7D-4306-B6F7-62FBA86C096F}.Release|x64.Build.0 = Release|x64
		{73FAD817-BC7D-4306-B6F7-62FBA86C096F}.Release|x86.ActiveCfg = Release|Win32
		{73FAD817-BC7D-4306-B6F7-62FBA86C096F}.Release|x86.Build.0 = Release|Win32
		{D88E481D-BBB9-4123-A89C-7B6B1CC10DA9}.Debug|x64.ActiveCfg = Debug|x64
		{D88E481D-BBB9-4123-A89C-7B6B1CC10DA9}.Debug|x64.Build.0 = Debug|x64
		{D88E481D-BBB9-4123-A89C-7B6B1CC10DA9}.Debug|x86.ActiveCfg = Debug|Win32
		{D88E481D-BBB9-4123-A89C-7B6B1CC10DA9}.Debug|x86.Build.0 = Debug|Win32
		{D88E481D-BBB9-4123-A89C-7B6B1CC10DA9}.Release|x64.ActiveCfg = Release|x64
		{D88E481D-BBB9-4123-A89C-7B6B1CC10DA9}.Release|x64.Build.0 = Release|x64
		{D88E481D-BBB9-4123-A89C-7B6B1CC10DA9}.Release|x86.ActiveCfg = Release|Win32
		{D88E481D-BBB9-4123-A89C-7B6B1CC10DA9}.Release|x86.Build.0 = Release|Win32
		{9B03FBFD-CD10-49DF-8880-F4712E558944}.Debug|x64.ActiveCfg = Debug|x64
		{9B03FBFD-CD10-49DF-8880-F4712E558944}.Debug|x64.Build.0 = Debug|x64
		{9B03FBFD-CD10-49DF-8880-F4712E558944}.Debug|x86.ActiveCfg = Debug|Win32
		{9B03FBFD-CD10-49DF-8880-F4712E558944}.Debug|x86.Build.0 = Debug|Win32
		{9B03FBFD-CD10-49DF-8880-F4712E558944}.Release|x64.ActiveCfg = Release|x64
		{9B03FBFD-CD10-49DF-8880-F4712E558944}.Release|x64.Build.0 = Release|x64
		{9B03FBFD-CD10-49DF-8880-F4712E558944}.Release|x86.ActiveCfg = Release|Win32
		{9B03FBFD-CD10-49DF-8880-F4712E558944}.Release|x86.Build.0 = Release|Win32
		{6D778F6C-667C-4A68-B621-88E7B5C04035}.Debug|x64.ActiveCfg = Debug|x64
		{6D778F6C-667C-4A68-B621-88E7B5C04035}.Debug|x64.Build.0 = Debug|x64
		{6D778F6C-667C-4A68-B621-88E7B5C04035}.Debug|x86.ActiveCfg = Debug|Win32
		{6D778F6C-667C-4A68-B621-88E7B5C04035}.Debug|x86.Build.0 = Debug|Win32
		{6D778F6C-667C-4A68-B621-88E7B5C04035}.Release|x64.ActiveCfg = Release|x64
		{6D778F6C-667C-4A68-B621-88E7B5C04035}.Release|x64.Build.0 = Release|x64
		{6D778F6C-667C-4A68-B621-88E7B5C04035}.Release|x86.ActiveCfg = Release|Win32
		{6D778F6C-667C-4A68-B621-88E7B5C04035}.Release|x86.Build.0 = Release|Win32
		{68B9AA8A-6A49-475F-9855-BC144C653390}.Debug|x64.ActiveCfg = Debug|x64
		{68B9AA8A-6A49-475F-9855-BC144C653390}.Debug|x64.Build.0 = Debug|x64
		{68B9AA8A-6A49-475F-9855-BC144C653390}.Debug|x86.ActiveCfg = Debug|Win32
		{68B9AA8A-6A49-475F-9855-BC144C653390}.Debug|x86.Build.0 = Debug|Win32
		{68B9AA8A-6A49-475F-9855-BC144C653390}.Release|x64.ActiveCfg = Release|x64
		{68B9AA8A-6A49-475F-9855-BC144C653390}.Release|x64.Build.0 = Release|x64
		{68B9AA8A-6A49-475F-9855-BC144C653390}.Release|x86.ActiveCfg = Release|Win32
		{68B9AA8A-6A49-475F-9855-BC144C653390}.Release|x86.Build.0 = Release|Win32
		{6B2814BD-661E-4D11-9556-402158868988}.Debug|x64.ActiveCfg = Debug|x64
		{6B2814BD-661E-4D11-9556-402158868988}.Debug|x64.Build.0 = Debug|x64
		{6B2814BD-661E-4D11-9556-402158868988}.Debug|x86.ActiveCfg = Debug|Win32
		{6B2814BD-661E-4D11-9556-402158868988}.Debug|x86.Build.0 = Debug|Win32
		{6B2814BD-661E-4D11-9556-402158868988}.Release|x64.ActiveCfg = Release|x64
		{6B2814BD-661E-4D11-9556-402158868988}.Release|x64.Build.0 = Release|x64
		{6B2814BD-661E-4D11-9556-402158868988}.Release|x86.ActiveCfg = Release|Win32
		{6B2814BD-661E-4D11-9556-402158868988}.Release|x86.Build.0 = Release|Win32
		{94AF8DC3-C873-4044-98D8-70F5C20CF373}.Debug|x64.ActiveCfg = Debug|x64
		{94AF8DC3-C873-4044-98D8-70F5C20CF373}.Debug|x64.Build.0 = Debug|x64
		{94AF8DC3-C873-4044-98D8-70F5C20CF373}.Debug|x86.ActiveCfg = Debug|Win32
		{94AF8DC3-C873-4044-98D8-70F5C20CF373}.Debug|x86.Build.0 = Debug|Win32
		{94AF8DC3-C873-4044-98D8-70F5C20CF373}.Release|x64.ActiveCfg = Release|x64
		{94AF8DC3-C873-4044-98D8-70F5C20CF373}.Release|x64.Build.0 = Release|x64
		{94AF8DC3-C873-4044-98D8-70F5C20CF373}.Release|x86.ActiveCfg = Release|Win32
		{94AF8DC3-C873-4044-98D8-70F5C20CF373}.Release|x86.Build.0 = Release|Win32
		{435ECC1B-F887-47D1-A730-2A3FEC6E16D6}.Debug|x64.ActiveCfg = Debug|x64
		{435ECC1B-F887-47D1-A730-2A3FEC6E16D6}.Debug|x64.Build.0 = Debug|x64
		{435ECC1B-F887-47D1-A730-2A3FEC6E16D6}.Debug|x86.ActiveCfg = Debug|Win32
		{435ECC1B-F887-47D1-A730-2A3FEC6E16D6}.Debug|x86.Build.0 = Debug|Win32
		{435ECC1B-F887-47D1-A730-2A3FEC6E16D6}.Release|x64.ActiveCfg = Release|x64
		{435ECC1B-F887-47D1-A730-2A3FEC6E16D6}.Release|x64.Build.0 = Release|x64
		{435ECC1B-F887-47D1-A730-2A3FEC6E16D6}.Release|x86.ActiveCfg = Release|Win32
		{435ECC1B-F887-47D1-A730-2A3FEC6E16D6}.Release|x86.Build.0 = Release|Win32
		{85F1713C-98F2-4FBF-B706-DB11BDC0A5E7}.Debug|x64.ActiveCfg = Debug|x64
		{85F1713C-98F2-4FBF-B706-DB11BDC0A5E7}.Debug|x64.Build.0 = Debug|x64
		{85F1713C-98F2-4FBF-B706-DB11BDC0A5E7}.Debug|x86.ActiveCfg = Debug|Win32
		{85F1713C-98F2-4FBF-B706-DB11BDC0A5E7}.Debug|x86.Build.0 = Debug|Win32
		{85F1713C-98F2-4FBF-B706-DB11BDC0A5E7}.Release|x64.ActiveCfg = Release|x64
		{85F1713C-98F2-4FBF-B706-DB11BDC0A5E7}.Release|x64.Build.0 = Release|x64
		{85F1713C-98F2-4FBF-B706-DB11BDC0A5E7}.Release|x86.ActiveCfg = Release|Win32
		{85F1713C-98F2-4FBF-B706-DB11BDC0A5E7}.Release|x86.Build.0 = Release|Win32
		{B3211AB4-8443-44AE-8B07-06090F84A286}.Debug|x64.ActiveCfg = Debug|x64
		{B3211AB4-8443-44AE-8B07-06090F84A286}.Debug|x64.Build.0 = Debug|x64
		{B3211AB4-8443-44AE-8B07-06090F84A286}.Debug|x86.ActiveCfg = Debug|Win32
		{B3211AB4-8443-44AE-8B07-06090F84A286}.Debug|x86.Build.0 = Debug|Win32
		{B3211AB4-8443-44AE-8B07-06090F84A286}.Release|x64.ActiveCfg = Release|x64
		{B3211AB4-8443-44AE-8B07-06090F84A286}.Release|x64.Build.0 = Release|x64
		{B3211AB4-8443-44AE-8B07-06090F84A286}.Release|x86.ActiveCfg = Release|Win32
		{B3211AB4-8443-44AE-8B07-06090F84A286}.Release|x86.Build.0 = Release|Win32
	EndGlobalSection
	GlobalSection(SolutionProperties) = preSolution
		HideSolutionNode = FALSE
	EndGlobalSection
	GlobalSection(ExtensibilityGlobals) = postSolution
		SolutionGuid = {2ACE8501-2291-4815-A0B4-855A0619B4FF}
	EndGlobalSection
EndGlobal
